
Microsoft Visual Studio Solution File, Format Version 12.00
# Visual Studio 15
VisualStudioVersion = 15.0.28307.421
MinimumVisualStudioVersion = 10.0.40219.1
Project("{8BC9CEB8-8B4A-11D0-8D11-00A0C91BC942}") = "Hash_marathon", "Hash_marathon\Hash_marathon.vcxproj", "{6744A559-C7A6-4B21-8DA5-CDBB37D9310E}"
EndProject
Global
	GlobalSection(SolutionConfigurationPlatforms) = preSolution
		Debug|x64 = Debug|x64
		Debug|x86 = Debug|x86
		Release|x64 = Release|x64
		Release|x86 = Release|x86
	EndGlobalSection
	GlobalSection(ProjectConfigurationPlatforms) = postSolution
		{6744A559-C7A6-4B21-8DA5-CDBB37D9310E}.Debug|x64.ActiveCfg = Debug|x64
		{6744A559-C7A6-4B21-8DA5-CDBB37D9310E}.Debug|x64.Build.0 = Debug|x64
		{6744A559-C7A6-4B21-8DA5-CDBB37D9310E}.Debug|x86.ActiveCfg = Debug|Win32
		{6744A559-C7A6-4B21-8DA5-CDBB37D9310E}.Debug|x86.Build.0 = Debug|Win32
		{6744A559-C7A6-4B21-8DA5-CDBB37D9310E}.Release|x64.ActiveCfg = Release|x64
		{6744A559-C7A6-4B21-8DA5-CDBB37D9310E}.Release|x64.Build.0 = Release|x64
		{6744A559-C7A6-4B21-8DA5-CDBB37D9310E}.Release|x86.ActiveCfg = Release|Win32
		{6744A559-C7A6-4B21-8DA5-CDBB37D9310E}.Release|x86.Build.0 = Release|Win32
	EndGlobalSection
	GlobalSection(SolutionProperties) = preSolution
		HideSolutionNode = FALSE
	EndGlobalSection
	GlobalSection(ExtensibilityGlobals) = postSolution
		SolutionGuid = {47E8BFB1-88D2-42A9-A671-C9BD03DE030C}
	EndGlobalSection
EndGlobal
