
Microsoft Visual Studio Solution File, Format Version 12.00
# Visual Studio Version 16
VisualStudioVersion = 16.0.30611.23
MinimumVisualStudioVersion = 10.0.40219.1
Project("{8BC9CEB8-8B4A-11D0-8D11-00A0C91BC942}") = "20056", "20056\20056.vcxproj", "{55A48A62-2C84-43BD-B318-E63B2E5AF5A1}"
EndProject
Global
	GlobalSection(SolutionConfigurationPlatforms) = preSolution
		Debug|x64 = Debug|x64
		Debug|x86 = Debug|x86
		Release|x64 = Release|x64
		Release|x86 = Release|x86
	EndGlobalSection
	GlobalSection(ProjectConfigurationPlatforms) = postSolution
		{55A48A62-2C84-43BD-B318-E63B2E5AF5A1}.Debug|x64.ActiveCfg = Debug|x64
		{55A48A62-2C84-43BD-B318-E63B2E5AF5A1}.Debug|x64.Build.0 = Debug|x64
		{55A48A62-2C84-43BD-B318-E63B2E5AF5A1}.Debug|x86.ActiveCfg = Debug|Win32
		{55A48A62-2C84-43BD-B318-E63B2E5AF5A1}.Debug|x86.Build.0 = Debug|Win32
		{55A48A62-2C84-43BD-B318-E63B2E5AF5A1}.Release|x64.ActiveCfg = Release|x64
		{55A48A62-2C84-43BD-B318-E63B2E5AF5A1}.Release|x64.Build.0 = Release|x64
		{55A48A62-2C84-43BD-B318-E63B2E5AF5A1}.Release|x86.ActiveCfg = Release|Win32
		{55A48A62-2C84-43BD-B318-E63B2E5AF5A1}.Release|x86.Build.0 = Release|Win32
	EndGlobalSection
	GlobalSection(SolutionProperties) = preSolution
		HideSolutionNode = FALSE
	EndGlobalSection
	GlobalSection(ExtensibilityGlobals) = postSolution
		SolutionGuid = {CD9205A7-F674-4C6E-88AC-4DB4A0032357}
	EndGlobalSection
EndGlobal
